
Microsoft Visual Studio Solution File, Format Version 11.00
# Visual Studio 2010
Project("{8BC9CEB8-8B4A-11D0-8D11-00A0C91BC942}") = "3dgraphicseindopdracht", "3dgraphicseindopdracht\3dgraphicseindopdracht.vcxproj", "{EEFE9629-B00A-44E5-9FD9-D01DC227F373}"
EndProject
Global
	GlobalSection(SolutionConfigurationPlatforms) = preSolution
		Debug|Win32 = Debug|Win32
		Release|Win32 = Release|Win32
	EndGlobalSection
	GlobalSection(ProjectConfigurationPlatforms) = postSolution
		{EEFE9629-B00A-44E5-9FD9-D01DC227F373}.Debug|Win32.ActiveCfg = Debug|Win32
		{EEFE9629-B00A-44E5-9FD9-D01DC227F373}.Debug|Win32.Build.0 = Debug|Win32
		{EEFE9629-B00A-44E5-9FD9-D01DC227F373}.Release|Win32.ActiveCfg = Release|Win32
		{EEFE9629-B00A-44E5-9FD9-D01DC227F373}.Release|Win32.Build.0 = Release|Win32
	EndGlobalSection
	GlobalSection(SolutionProperties) = preSolution
		HideSolutionNode = FALSE
	EndGlobalSection
EndGlobal
